
Microsoft Visual Studio Solution File, Format Version 12.00
# Visual Studio Version 16
VisualStudioVersion = 16.0.31702.278
MinimumVisualStudioVersion = 10.0.40219.1
Project("{FAE04EC0-301F-11D3-BF4B-00C04F79EFBC}") = "GoNurse", "GoNurse.csproj", "{125AFFA0-F84C-421E-B471-092B9A81E60F}"
EndProject
Global
	GlobalSection(SolutionConfigurationPlatforms) = preSolution
		Debug|Any CPU = Debug|Any CPU
		Release|Any CPU = Release|Any CPU
	EndGlobalSection
	GlobalSection(ProjectConfigurationPlatforms) = postSolution
		{125AFFA0-F84C-421E-B471-092B9A81E60F}.Debug|Any CPU.ActiveCfg = Debug|Any CPU
		{125AFFA0-F84C-421E-B471-092B9A81E60F}.Debug|Any CPU.Build.0 = Debug|Any CPU
		{125AFFA0-F84C-421E-B471-092B9A81E60F}.Release|Any CPU.ActiveCfg = Release|Any CPU
		{125AFFA0-F84C-421E-B471-092B9A81E60F}.Release|Any CPU.Build.0 = Release|Any CPU
	EndGlobalSection
	GlobalSection(SolutionProperties) = preSolution
		HideSolutionNode = FALSE
	EndGlobalSection
	GlobalSection(ExtensibilityGlobals) = postSolution
		SolutionGuid = {BC59F2FC-9C50-43D8-98E1-47803D3C84EC}
	EndGlobalSection
EndGlobal
